// !$*UTF8*$!
{
	archiveVersion = 1;
	classes = {
	};
	objectVersion = 46;
	objects = {

/* Begin PBXBuildFile section */
		37CA58EB1BD4AE42000E732A /* main.cpp in Sources */ = {isa = PBXBuildFile; fileRef = 37CA58EA1BD4AE42000E732A /* main.cpp */; };
/* End PBXBuildFile section */

/* Begin PBXCopyFilesBuildPhase section */
		37CA58E51BD4AE42000E732A /* CopyFiles */ = {
			isa = PBXCopyFilesBuildPhase;
			buildActionMask = 2147483647;
			dstPath = /usr/share/man/man1/;
			dstSubfolderSpec = 0;
			files = (
			);
			runOnlyForDeploymentPostprocessing = 1;
		};
/* End PBXCopyFilesBuildPhase section */

/* Begin PBXFileReference section */
		37CA58E71BD4AE42000E732A /* RevisedSimplex */ = {isa = PBXFileReference; explicitFileType = "compiled.mach-o.executable"; includeInIndex = 0; path = RevisedSimplex; sourceTree = BUILT_PRODUCTS_DIR; };
		37CA58EA1BD4AE42000E732A /* main.cpp */ = {isa = PBXFileReference; lastKnownFileType = sourcecode.cpp.cpp; path = main.cpp; sourceTree = "<group>"; };
/* End PBXFileReference section */

/* Begin PBXFrameworksBuildPhase section */
		37CA58E41BD4AE42000E732A /* Frameworks */ = {
			isa = PBXFrameworksBuildPhase;
			buildActionMask = 2147483647;
			files = (
			);
			runOnlyForDeploymentPostprocessing = 0;
		};
/* End PBXFrameworksBuildPhase section */

/* Begin PBXGroup section */
		37CA58DE1BD4AE42000E732A = {
			isa = PBXGroup;
			children = (
				37CA58E91BD4AE42000E732A /* RevisedSimplex */,
				37CA58E81BD4AE42000E732A /* Products */,
			);
			sourceTree = "<group>";
		};
		37CA58E81BD4AE42000E732A /* Products */ = {
			isa = PBXGroup;
			children = (
				37CA58E71BD4AE42000E732A /* RevisedSimplex */,
			);
			name = Products;
			sourceTree = "<group>";
		};
		37CA58E91BD4AE42000E732A /* RevisedSimplex */ = {
			isa = PBXGroup;
			children = (
				37CA58EA1BD4AE42000E732A /* main.cpp */,
			);
			path = RevisedSimplex;
			sourceTree = "<group>";
		};
/* End PBXGroup section */

/* Begin PBXNativeTarget section */
		37CA58E61BD4AE42000E732A /* RevisedSimplex */ = {
			isa = PBXNativeTarget;
			buildConfigurationList = 37CA58EE1BD4AE42000E732A /* Build configuration list for PBXNativeTarget "RevisedSimplex" */;
			buildPhases = (
				37CA58E31BD4AE42000E732A /* Sources */,
				37CA58E41BD4AE42000E732A /* Frameworks */,
				37CA58E51BD4AE42000E732A /* CopyFiles */,
			);
			buildRules = (
			);
			dependencies = (
			);
			name = RevisedSimplex;
			productName = RevisedSimplex;
			productReference = 37CA58E71BD4AE42000E732A /* RevisedSimplex */;
			productType = "com.apple.product-type.tool";
		};
/* End PBXNativeTarget section */

/* Begin PBXProject section */
		37CA58DF1BD4AE42000E732A /* Project object */ = {
			isa = PBXProject;
			attributes = {
				LastUpgradeCheck = 0620;
				ORGANIZATIONNAME = "Xuan Baihua";
				TargetAttributes = {
					37CA58E61BD4AE42000E732A = {
						CreatedOnToolsVersion = 6.2;
					};
				};
			};
			buildConfigurationList = 37CA58E21BD4AE42000E732A /* Build configuration list for PBXProject "RevisedSimplex" */;
			compatibilityVersion = "Xcode 3.2";
			developmentRegion = English;
			hasScannedForEncodings = 0;
			knownRegions = (
				en,
			);
			mainGroup = 37CA58DE1BD4AE42000E732A;
			productRefGroup = 37CA58E81BD4AE42000E732A /* Products */;
			projectDirPath = "";
			projectRoot = "";
			targets = (
				37CA58E61BD4AE42000E732A /* RevisedSimplex */,
			);
		};
/* End PBXProject section */

/* Begin PBXSourcesBuildPhase section */
		37CA58E31BD4AE42000E732A /* Sources */ = {
			isa = PBXSourcesBuildPhase;
			buildActionMask = 2147483647;
			files = (
				37CA58EB1BD4AE42000E732A /* main.cpp in Sources */,
			);
			runOnlyForDeploymentPostprocessing = 0;
		};
/* End PBXSourcesBuildPhase section */

/* Begin XCBuildConfiguration section */
		37CA58EC1BD4AE42000E732A /* Debug */ = {
			isa = XCBuildConfiguration;
			buildSettings = {
				ALWAYS_SEARCH_USER_PATHS = NO;
				CLANG_CXX_LANGUAGE_STANDARD = "gnu++0x";
				CLANG_CXX_LIBRARY = "libc++";
				CLANG_ENABLE_MODULES = YES;
				CLANG_ENABLE_OBJC_ARC = YES;
				CLANG_WARN_BOOL_CONVERSION = YES;
				CLANG_WARN_CONSTANT_CONVERSION = YES;
				CLANG_WARN_DIRECT_OBJC_ISA_USAGE = YES_ERROR;
				CLANG_WARN_EMPTY_BODY = YES;
				CLANG_WARN_ENUM_CONVERSION = YES;
				CLANG_WARN_INT_CONVERSION = YES;
				CLANG_WARN_OBJC_ROOT_CLASS = YES_ERROR;
				CLANG_WARN_UNREACHABLE_CODE = YES;
				CLANG_WARN__DUPLICATE_METHOD_MATCH = YES;
				COPY_PHASE_STRIP = NO;
				ENABLE_STRICT_OBJC_MSGSEND = YES;
				GCC_C_LANGUAGE_STANDARD = gnu99;
				GCC_DYNAMIC_NO_PIC = NO;
				GCC_OPTIMIZATION_LEVEL = 0;
				GCC_PREPROCESSOR_DEFINITIONS = (
					"DEBUG=1",
					"$(inherited)",
				);
				GCC_SYMBOLS_PRIVATE_EXTERN = NO;
				GCC_WARN_64_TO_32_BIT_CONVERSION = YES;
				GCC_WARN_ABOUT_RETURN_TYPE = YES_ERROR;
				GCC_WARN_UNDECLARED_SELECTOR = YES;
				GCC_WARN_UNINITIALIZED_AUTOS = YES_AGGRESSIVE;
				GCC_WARN_UNUSED_FUNCTION = YES;
				GCC_WARN_UNUSED_VARIABLE = YES;
				MACOSX_DEPLOYMENT_TARGET = 10.10;
				MTL_ENABLE_DEBUG_INFO = YES;
				ONLY_ACTIVE_ARCH = YES;
				SDKROOT = macosx;
			};
			name = Debug;
		};
		37CA58ED1BD4AE42000E732A /* Release */ = {
			isa = XCBuildConfiguration;
			buildSettings = {
				ALWAYS_SEARCH_USER_PATHS = NO;
				CLANG_CXX_LANGUAGE_STANDARD = "gnu++0x";
				CLANG_CXX_LIBRARY = "libc++";
				CLANG_ENABLE_MODULES = YES;
				CLANG_ENABLE_OBJC_ARC = YES;
				CLANG_WARN_BOOL_CONVERSION = YES;
				CLANG_WARN_CONSTANT_CONVERSION = YES;
				CLANG_WARN_DIRECT_OBJC_ISA_USAGE = YES_ERROR;
				CLANG_WARN_EMPTY_BODY = YES;
				CLANG_WARN_ENUM_CONVERSION = YES;
				CLANG_WARN_INT_CONVERSION = YES;
				CLANG_WARN_OBJC_ROOT_CLASS = YES_ERROR;
				CLANG_WARN_UNREACHABLE_CODE = YES;
				CLANG_WARN__DUPLICATE_METHOD_MATCH = YES;
				COPY_PHASE_STRIP = NO;
				DEBUG_INFORMATION_FORMAT = "dwarf-with-dsym";
				ENABLE_NS_ASSERTIONS = NO;
				ENABLE_STRICT_OBJC_MSGSEND = YES;
				GCC_C_LANGUAGE_STANDARD = gnu99;
				GCC_WARN_64_TO_32_BIT_CONVERSION = YES;
				GCC_WARN_ABOUT_RETURN_TYPE = YES_ERROR;
				GCC_WARN_UNDECLARED_SELECTOR = YES;
				GCC_WARN_UNINITIALIZED_AUTOS = YES_AGGRESSIVE;
				GCC_WARN_UNUSED_FUNCTION = YES;
				GCC_WARN_UNUSED_VARIABLE = YES;
				MACOSX_DEPLOYMENT_TARGET = 10.10;
				MTL_ENABLE_DEBUG_INFO = NO;
				SDKROOT = macosx;
			};
			name = Release;
		};
		37CA58EF1BD4AE42000E732A /* Debug */ = {
			isa = XCBuildConfiguration;
			buildSettings = {
				PRODUCT_NAME = "$(TARGET_NAME)";
			};
			name = Debug;
		};
		37CA58F01BD4AE42000E732A /* Release */ = {
			isa = XCBuildConfiguration;
			buildSettings = {
				PRODUCT_NAME = "$(TARGET_NAME)";
			};
			name = Release;
		};
/* End XCBuildConfiguration section */

/* Begin XCConfigurationList section */
		37CA58E21BD4AE42000E732A /* Build configuration list for PBXProject "RevisedSimplex" */ = {
			isa = XCConfigurationList;
			buildConfigurations = (
				37CA58EC1BD4AE42000E732A /* Debug */,
				37CA58ED1BD4AE42000E732A /* Release */,
			);
			defaultConfigurationIsVisible = 0;
			defaultConfigurationName = Release;
		};
		37CA58EE1BD4AE42000E732A /* Build configuration list for PBXNativeTarget "RevisedSimplex" */ = {
			isa = XCConfigurationList;
			buildConfigurations = (
				37CA58EF1BD4AE42000E732A /* Debug */,
				37CA58F01BD4AE42000E732A /* Release */,
			);
			defaultConfigurationIsVisible = 0;
		};
/* End XCConfigurationList section */
	};
	rootObject = 37CA58DF1BD4AE42000E732A /* Project object */;
}
